
Microsoft Visual Studio Solution File, Format Version 12.00
# Visual Studio Version 16
VisualStudioVersion = 16.0.30002.166
MinimumVisualStudioVersion = 10.0.40219.1
Project("{FAE04EC0-301F-11D3-BF4B-00C04F79EFBC}") = "RectangleClass", "RectangleClass\RectangleClass.csproj", "{EC6FF417-66CD-4D45-A6CA-FBDDF783F031}"
EndProject
Global
	GlobalSection(SolutionConfigurationPlatforms) = preSolution
		Debug|Any CPU = Debug|Any CPU
		Release|Any CPU = Release|Any CPU
	EndGlobalSection
	GlobalSection(ProjectConfigurationPlatforms) = postSolution
		{EC6FF417-66CD-4D45-A6CA-FBDDF783F031}.Debug|Any CPU.ActiveCfg = Debug|Any CPU
		{EC6FF417-66CD-4D45-A6CA-FBDDF783F031}.Debug|Any CPU.Build.0 = Debug|Any CPU
		{EC6FF417-66CD-4D45-A6CA-FBDDF783F031}.Release|Any CPU.ActiveCfg = Release|Any CPU
		{EC6FF417-66CD-4D45-A6CA-FBDDF783F031}.Release|Any CPU.Build.0 = Release|Any CPU
	EndGlobalSection
	GlobalSection(SolutionProperties) = preSolution
		HideSolutionNode = FALSE
	EndGlobalSection
	GlobalSection(ExtensibilityGlobals) = postSolution
		SolutionGuid = {8E4BC65D-E3A9-42C7-800E-996BC8E65594}
	EndGlobalSection
EndGlobal
