
Microsoft Visual Studio Solution File, Format Version 12.00
# Visual Studio Version 16
VisualStudioVersion = 16.0.30011.22
MinimumVisualStudioVersion = 10.0.40219.1
Project("{FAE04EC0-301F-11D3-BF4B-00C04F79EFBC}") = "CodebitMVC1a", "CodebitMVC1a\CodebitMVC1a.csproj", "{459D1E87-577F-4ACF-810B-D4BA643A05C4}"
EndProject
Global
	GlobalSection(SolutionConfigurationPlatforms) = preSolution
		Debug|Any CPU = Debug|Any CPU
		Release|Any CPU = Release|Any CPU
	EndGlobalSection
	GlobalSection(ProjectConfigurationPlatforms) = postSolution
		{459D1E87-577F-4ACF-810B-D4BA643A05C4}.Debug|Any CPU.ActiveCfg = Debug|Any CPU
		{459D1E87-577F-4ACF-810B-D4BA643A05C4}.Debug|Any CPU.Build.0 = Debug|Any CPU
		{459D1E87-577F-4ACF-810B-D4BA643A05C4}.Release|Any CPU.ActiveCfg = Release|Any CPU
		{459D1E87-577F-4ACF-810B-D4BA643A05C4}.Release|Any CPU.Build.0 = Release|Any CPU
	EndGlobalSection
	GlobalSection(SolutionProperties) = preSolution
		HideSolutionNode = FALSE
	EndGlobalSection
	GlobalSection(ExtensibilityGlobals) = postSolution
		SolutionGuid = {BB0AD8ED-9B16-4955-92A3-25E77A768EAB}
	EndGlobalSection
EndGlobal
