
Microsoft Visual Studio Solution File, Format Version 12.00
# Visual Studio Version 16
VisualStudioVersion = 16.0.30011.22
MinimumVisualStudioVersion = 10.0.40219.1
Project("{FAE04EC0-301F-11D3-BF4B-00C04F79EFBC}") = "CodeBitsAcademyEFC", "CodeBitsAcademyEFC\CodeBitsAcademyEFC.csproj", "{1FB25D34-E794-4221-9600-7F8FA0921860}"
EndProject
Global
	GlobalSection(SolutionConfigurationPlatforms) = preSolution
		Debug|Any CPU = Debug|Any CPU
		Release|Any CPU = Release|Any CPU
	EndGlobalSection
	GlobalSection(ProjectConfigurationPlatforms) = postSolution
		{1FB25D34-E794-4221-9600-7F8FA0921860}.Debug|Any CPU.ActiveCfg = Debug|Any CPU
		{1FB25D34-E794-4221-9600-7F8FA0921860}.Debug|Any CPU.Build.0 = Debug|Any CPU
		{1FB25D34-E794-4221-9600-7F8FA0921860}.Release|Any CPU.ActiveCfg = Release|Any CPU
		{1FB25D34-E794-4221-9600-7F8FA0921860}.Release|Any CPU.Build.0 = Release|Any CPU
	EndGlobalSection
	GlobalSection(SolutionProperties) = preSolution
		HideSolutionNode = FALSE
	EndGlobalSection
	GlobalSection(ExtensibilityGlobals) = postSolution
		SolutionGuid = {F5A005A2-4B27-425C-8D56-993B73B4D0C3}
	EndGlobalSection
EndGlobal
