
Microsoft Visual Studio Solution File, Format Version 12.00
# Visual Studio Version 16
VisualStudioVersion = 16.0.30011.22
MinimumVisualStudioVersion = 10.0.40219.1
Project("{FAE04EC0-301F-11D3-BF4B-00C04F79EFBC}") = "AndoidApplication.Android", "AndoidApplication\AndoidApplication.Android\AndoidApplication.Android.csproj", "{0BD8A6F4-AED8-456B-98EF-398190901723}"
EndProject
Project("{FAE04EC0-301F-11D3-BF4B-00C04F79EFBC}") = "AndoidApplication", "AndoidApplication\AndoidApplication\AndoidApplication.csproj", "{7A40EE83-F1CC-4856-BB40-8D9C5E09E161}"
EndProject
Global
	GlobalSection(SolutionConfigurationPlatforms) = preSolution
		Debug|Any CPU = Debug|Any CPU
		Release|Any CPU = Release|Any CPU
	EndGlobalSection
	GlobalSection(ProjectConfigurationPlatforms) = postSolution
		{0BD8A6F4-AED8-456B-98EF-398190901723}.Debug|Any CPU.ActiveCfg = Debug|Any CPU
		{0BD8A6F4-AED8-456B-98EF-398190901723}.Debug|Any CPU.Build.0 = Debug|Any CPU
		{0BD8A6F4-AED8-456B-98EF-398190901723}.Debug|Any CPU.Deploy.0 = Debug|Any CPU
		{0BD8A6F4-AED8-456B-98EF-398190901723}.Release|Any CPU.ActiveCfg = Release|Any CPU
		{0BD8A6F4-AED8-456B-98EF-398190901723}.Release|Any CPU.Build.0 = Release|Any CPU
		{0BD8A6F4-AED8-456B-98EF-398190901723}.Release|Any CPU.Deploy.0 = Release|Any CPU
		{7A40EE83-F1CC-4856-BB40-8D9C5E09E161}.Debug|Any CPU.ActiveCfg = Debug|Any CPU
		{7A40EE83-F1CC-4856-BB40-8D9C5E09E161}.Debug|Any CPU.Build.0 = Debug|Any CPU
		{7A40EE83-F1CC-4856-BB40-8D9C5E09E161}.Debug|Any CPU.Deploy.0 = Debug|Any CPU
		{7A40EE83-F1CC-4856-BB40-8D9C5E09E161}.Release|Any CPU.ActiveCfg = Release|Any CPU
		{7A40EE83-F1CC-4856-BB40-8D9C5E09E161}.Release|Any CPU.Build.0 = Release|Any CPU
		{7A40EE83-F1CC-4856-BB40-8D9C5E09E161}.Release|Any CPU.Deploy.0 = Release|Any CPU
	EndGlobalSection
	GlobalSection(SolutionProperties) = preSolution
		HideSolutionNode = FALSE
	EndGlobalSection
	GlobalSection(ExtensibilityGlobals) = postSolution
		SolutionGuid = {439D5040-1185-4A13-875E-F90DFCF08197}
	EndGlobalSection
EndGlobal
