
Microsoft Visual Studio Solution File, Format Version 12.00
# Visual Studio Version 16
VisualStudioVersion = 16.0.30011.22
MinimumVisualStudioVersion = 10.0.40219.1
Project("{FAE04EC0-301F-11D3-BF4B-00C04F79EFBC}") = "GlobalIT_FormValidation", "GlobalIT_FormValidation\GlobalIT_FormValidation.csproj", "{8D8788A4-0F92-4116-BCBB-5797E32BA852}"
EndProject
Global
	GlobalSection(SolutionConfigurationPlatforms) = preSolution
		Debug|Any CPU = Debug|Any CPU
		Release|Any CPU = Release|Any CPU
	EndGlobalSection
	GlobalSection(ProjectConfigurationPlatforms) = postSolution
		{8D8788A4-0F92-4116-BCBB-5797E32BA852}.Debug|Any CPU.ActiveCfg = Debug|Any CPU
		{8D8788A4-0F92-4116-BCBB-5797E32BA852}.Debug|Any CPU.Build.0 = Debug|Any CPU
		{8D8788A4-0F92-4116-BCBB-5797E32BA852}.Release|Any CPU.ActiveCfg = Release|Any CPU
		{8D8788A4-0F92-4116-BCBB-5797E32BA852}.Release|Any CPU.Build.0 = Release|Any CPU
	EndGlobalSection
	GlobalSection(SolutionProperties) = preSolution
		HideSolutionNode = FALSE
	EndGlobalSection
	GlobalSection(ExtensibilityGlobals) = postSolution
		SolutionGuid = {928FDCA7-3276-4194-A243-78476DF76F25}
	EndGlobalSection
EndGlobal
