
Microsoft Visual Studio Solution File, Format Version 12.00
# Visual Studio Version 16
VisualStudioVersion = 16.0.30011.22
MinimumVisualStudioVersion = 10.0.40219.1
Project("{FAE04EC0-301F-11D3-BF4B-00C04F79EFBC}") = "TagHelper", "TagHelper\TagHelper.csproj", "{9F9D3088-F2BD-42FB-9799-693333A609DF}"
EndProject
Global
	GlobalSection(SolutionConfigurationPlatforms) = preSolution
		Debug|Any CPU = Debug|Any CPU
		Release|Any CPU = Release|Any CPU
	EndGlobalSection
	GlobalSection(ProjectConfigurationPlatforms) = postSolution
		{9F9D3088-F2BD-42FB-9799-693333A609DF}.Debug|Any CPU.ActiveCfg = Debug|Any CPU
		{9F9D3088-F2BD-42FB-9799-693333A609DF}.Debug|Any CPU.Build.0 = Debug|Any CPU
		{9F9D3088-F2BD-42FB-9799-693333A609DF}.Release|Any CPU.ActiveCfg = Release|Any CPU
		{9F9D3088-F2BD-42FB-9799-693333A609DF}.Release|Any CPU.Build.0 = Release|Any CPU
	EndGlobalSection
	GlobalSection(SolutionProperties) = preSolution
		HideSolutionNode = FALSE
	EndGlobalSection
	GlobalSection(ExtensibilityGlobals) = postSolution
		SolutionGuid = {11443EA9-D831-4EEF-8164-227AA18D60A1}
	EndGlobalSection
EndGlobal
